
Microsoft Visual Studio Solution File, Format Version 12.00
# Visual Studio Version 17
VisualStudioVersion = 17.0.31919.166
MinimumVisualStudioVersion = 10.0.40219.1
Project("{FAE04EC0-301F-11D3-BF4B-00C04F79EFBC}") = "ApiAHL", "ApiAHL\ApiAHL.csproj", "{DA8FBFC5-5809-4CAB-A550-573323A63496}"
EndProject
Global
	GlobalSection(SolutionConfigurationPlatforms) = preSolution
		Debug|Any CPU = Debug|Any CPU
		Release|Any CPU = Release|Any CPU
	EndGlobalSection
	GlobalSection(ProjectConfigurationPlatforms) = postSolution
		{DA8FBFC5-5809-4CAB-A550-573323A63496}.Debug|Any CPU.ActiveCfg = Debug|Any CPU
		{DA8FBFC5-5809-4CAB-A550-573323A63496}.Debug|Any CPU.Build.0 = Debug|Any CPU
		{DA8FBFC5-5809-4CAB-A550-573323A63496}.Release|Any CPU.ActiveCfg = Release|Any CPU
		{DA8FBFC5-5809-4CAB-A550-573323A63496}.Release|Any CPU.Build.0 = Release|Any CPU
	EndGlobalSection
	GlobalSection(SolutionProperties) = preSolution
		HideSolutionNode = FALSE
	EndGlobalSection
	GlobalSection(ExtensibilityGlobals) = postSolution
		SolutionGuid = {1D4F9BB3-B4F6-41C6-BC64-735F395E221C}
	EndGlobalSection
EndGlobal
